
Microsoft Visual Studio Solution File, Format Version 12.00
# Visual Studio Version 17
VisualStudioVersion = 17.13.35913.81
MinimumVisualStudioVersion = 10.0.40219.1
Project("{FAE04EC0-301F-11D3-BF4B-00C04F79EFBC}") = "weatherescu_test_2", "weatherescu_test_2\weatherescu_test_2.csproj", "{0BDF0669-D905-4968-ABB5-DEB03A1850AD}"
EndProject
Global
	GlobalSection(SolutionConfigurationPlatforms) = preSolution
		Debug|Any CPU = Debug|Any CPU
		Release|Any CPU = Release|Any CPU
	EndGlobalSection
	GlobalSection(ProjectConfigurationPlatforms) = postSolution
		{0BDF0669-D905-4968-ABB5-DEB03A1850AD}.Debug|Any CPU.ActiveCfg = Debug|Any CPU
		{0BDF0669-D905-4968-ABB5-DEB03A1850AD}.Debug|Any CPU.Build.0 = Debug|Any CPU
		{0BDF0669-D905-4968-ABB5-DEB03A1850AD}.Release|Any CPU.ActiveCfg = Release|Any CPU
		{0BDF0669-D905-4968-ABB5-DEB03A1850AD}.Release|Any CPU.Build.0 = Release|Any CPU
	EndGlobalSection
	GlobalSection(SolutionProperties) = preSolution
		HideSolutionNode = FALSE
	EndGlobalSection
	GlobalSection(ExtensibilityGlobals) = postSolution
		SolutionGuid = {261D82AC-7ACE-4597-8763-A1C43FF10D77}
	EndGlobalSection
EndGlobal
